{
  "name": "hackernews-prism",
  "version": "1.0.0",
  "lockfileVersion": 3,
  "requires": true,
  "packages": {
    "": {
      "name": "hackernews-prism",
      "version": "1.0.0",
      "license": "MIT",
      "devDependencies": {
        "@kaleidawave/prism": "^1.5.0"
      }
    },
    "node_modules/@kaleidawave/prism": {
      "version": "1.5.0",
      "resolved": "https://registry.npmjs.org/@kaleidawave/prism/-/prism-1.5.0.tgz",
      "integrity": "sha512-6M83ZUnMW5tpYpPdR0o5opXH6VDG97IHrLKyV064Du0ThW8Y+oeVwFKoksKMLDr9myOZzwRXexYOU7bFUM6Igw==",
      "dev": true,
      "bin": {
        "prism": "lib/node/cli.js"
      },
      "engines": {
        "node": ">=10.3.0",
        "npm": ">=6.1.0"
      }
    }
  }
}

